
Microsoft Visual Studio Solution File, Format Version 12.00
# Visual Studio Version 17
VisualStudioVersion = 17.0.31903.59
MinimumVisualStudioVersion = 10.0.40219.1
Project("{2150E333-8FDC-42A3-9474-1A3956D46DE8}") = "src", "src", "{39AA676A-B01C-4AE0-8018-FDE74AFF7ACE}"
EndProject
Project("{FAE04EC0-301F-11D3-BF4B-00C04F79EFBC}") = "Loadstar.Core", "src\Loadstar.Core\Loadstar.Core.csproj", "{79582294-3BFD-4940-9C24-17C4048FA551}"
EndProject
Project("{FAE04EC0-301F-11D3-BF4B-00C04F79EFBC}") = "Loadstar.Games.ThroneAndLiberty", "src\Loadstar.Games.ThroneAndLiberty\Loadstar.Games.ThroneAndLiberty.csproj", "{69AEECD4-6899-4AA7-B1BA-07B780371023}"
EndProject
Project("{FAE04EC0-301F-11D3-BF4B-00C04F79EFBC}") = "Loadstar.Capture.Windows", "src\Loadstar.Capture.Windows\Loadstar.Capture.Windows.csproj", "{24FDC716-65D3-4FAE-86A0-38A18EFCD50D}"
EndProject
Project("{2150E333-8FDC-42A3-9474-1A3956D46DE8}") = "tests", "tests", "{0AB3BF05-4346-4AA6-1389-037BE0695223}"
EndProject
Project("{FAE04EC0-301F-11D3-BF4B-00C04F79EFBC}") = "Loadstar.Core.Tests", "tests\Loadstar.Core.Tests\Loadstar.Core.Tests.csproj", "{AAB6780C-0D1C-4007-9532-32EB5DE6F5EC}"
EndProject
Project("{FAE04EC0-301F-11D3-BF4B-00C04F79EFBC}") = "Loadstar.Poc", "src\Loadstar.Poc\Loadstar.Poc.csproj", "{6D85329E-9E42-4E24-A29A-80CE9C905FB4}"
EndProject
Project("{FAE04EC0-301F-11D3-BF4B-00C04F79EFBC}") = "Loadstar.App", "src\Loadstar.App\Loadstar.App.csproj", "{83EE7504-AF0A-476C-87FC-61FCCCF558B4}"
EndProject
Global
	GlobalSection(SolutionConfigurationPlatforms) = preSolution
		Debug|Any CPU = Debug|Any CPU
		Debug|x64 = Debug|x64
		Debug|x86 = Debug|x86
		Release|Any CPU = Release|Any CPU
		Release|x64 = Release|x64
		Release|x86 = Release|x86
	EndGlobalSection
	GlobalSection(ProjectConfigurationPlatforms) = postSolution
		{79582294-3BFD-4940-9C24-17C4048FA551}.Debug|Any CPU.ActiveCfg = Debug|Any CPU
		{79582294-3BFD-4940-9C24-17C4048FA551}.Debug|Any CPU.Build.0 = Debug|Any CPU
		{79582294-3BFD-4940-9C24-17C4048FA551}.Debug|x64.ActiveCfg = Debug|Any CPU
		{79582294-3BFD-4940-9C24-17C4048FA551}.Debug|x64.Build.0 = Debug|Any CPU
		{79582294-3BFD-4940-9C24-17C4048FA551}.Debug|x86.ActiveCfg = Debug|Any CPU
		{79582294-3BFD-4940-9C24-17C4048FA551}.Debug|x86.Build.0 = Debug|Any CPU
		{79582294-3BFD-4940-9C24-17C4048FA551}.Release|Any CPU.ActiveCfg = Release|Any CPU
		{79582294-3BFD-4940-9C24-17C4048FA551}.Release|Any CPU.Build.0 = Release|Any CPU
		{79582294-3BFD-4940-9C24-17C4048FA551}.Release|x64.ActiveCfg = Release|Any CPU
		{79582294-3BFD-4940-9C24-17C4048FA551}.Release|x64.Build.0 = Release|Any CPU
		{79582294-3BFD-4940-9C24-17C4048FA551}.Release|x86.ActiveCfg = Release|Any CPU
		{79582294-3BFD-4940-9C24-17C4048FA551}.Release|x86.Build.0 = Release|Any CPU
		{69AEECD4-6899-4AA7-B1BA-07B780371023}.Debug|Any CPU.ActiveCfg = Debug|Any CPU
		{69AEECD4-6899-4AA7-B1BA-07B780371023}.Debug|Any CPU.Build.0 = Debug|Any CPU
		{69AEECD4-6899-4AA7-B1BA-07B780371023}.Debug|x64.ActiveCfg = Debug|Any CPU
		{69AEECD4-6899-4AA7-B1BA-07B780371023}.Debug|x64.Build.0 = Debug|Any CPU
		{69AEECD4-6899-4AA7-B1BA-07B780371023}.Debug|x86.ActiveCfg = Debug|Any CPU
		{69AEECD4-6899-4AA7-B1BA-07B780371023}.Debug|x86.Build.0 = Debug|Any CPU
		{69AEECD4-6899-4AA7-B1BA-07B780371023}.Release|Any CPU.ActiveCfg = Release|Any CPU
		{69AEECD4-6899-4AA7-B1BA-07B780371023}.Release|Any CPU.Build.0 = Release|Any CPU
		{69AEECD4-6899-4AA7-B1BA-07B780371023}.Release|x64.ActiveCfg = Release|Any CPU
		{69AEECD4-6899-4AA7-B1BA-07B780371023}.Release|x64.Build.0 = Release|Any CPU
		{69AEECD4-6899-4AA7-B1BA-07B780371023}.Release|x86.ActiveCfg = Release|Any CPU
		{69AEECD4-6899-4AA7-B1BA-07B780371023}.Release|x86.Build.0 = Release|Any CPU
		{24FDC716-65D3-4FAE-86A0-38A18EFCD50D}.Debug|Any CPU.ActiveCfg = Debug|Any CPU
		{24FDC716-65D3-4FAE-86A0-38A18EFCD50D}.Debug|Any CPU.Build.0 = Debug|Any CPU
		{24FDC716-65D3-4FAE-86A0-38A18EFCD50D}.Debug|x64.ActiveCfg = Debug|Any CPU
		{24FDC716-65D3-4FAE-86A0-38A18EFCD50D}.Debug|x64.Build.0 = Debug|Any CPU
		{24FDC716-65D3-4FAE-86A0-38A18EFCD50D}.Debug|x86.ActiveCfg = Debug|Any CPU
		{24FDC716-65D3-4FAE-86A0-38A18EFCD50D}.Debug|x86.Build.0 = Debug|Any CPU
		{24FDC716-65D3-4FAE-86A0-38A18EFCD50D}.Release|Any CPU.ActiveCfg = Release|Any CPU
		{24FDC716-65D3-4FAE-86A0-38A18EFCD50D}.Release|Any CPU.Build.0 = Release|Any CPU
		{24FDC716-65D3-4FAE-86A0-38A18EFCD50D}.Release|x64.ActiveCfg = Release|Any CPU
		{24FDC716-65D3-4FAE-86A0-38A18EFCD50D}.Release|x64.Build.0 = Release|Any CPU
		{24FDC716-65D3-4FAE-86A0-38A18EFCD50D}.Release|x86.ActiveCfg = Release|Any CPU
		{24FDC716-65D3-4FAE-86A0-38A18EFCD50D}.Release|x86.Build.0 = Release|Any CPU
		{AAB6780C-0D1C-4007-9532-32EB5DE6F5EC}.Debug|Any CPU.ActiveCfg = Debug|Any CPU
		{AAB6780C-0D1C-4007-9532-32EB5DE6F5EC}.Debug|Any CPU.Build.0 = Debug|Any CPU
		{AAB6780C-0D1C-4007-9532-32EB5DE6F5EC}.Debug|x64.ActiveCfg = Debug|Any CPU
		{AAB6780C-0D1C-4007-9532-32EB5DE6F5EC}.Debug|x64.Build.0 = Debug|Any CPU
		{AAB6780C-0D1C-4007-9532-32EB5DE6F5EC}.Debug|x86.ActiveCfg = Debug|Any CPU
		{AAB6780C-0D1C-4007-9532-32EB5DE6F5EC}.Debug|x86.Build.0 = Debug|Any CPU
		{AAB6780C-0D1C-4007-9532-32EB5DE6F5EC}.Release|Any CPU.ActiveCfg = Release|Any CPU
		{AAB6780C-0D1C-4007-9532-32EB5DE6F5EC}.Release|Any CPU.Build.0 = Release|Any CPU
		{AAB6780C-0D1C-4007-9532-32EB5DE6F5EC}.Release|x64.ActiveCfg = Release|Any CPU
		{AAB6780C-0D1C-4007-9532-32EB5DE6F5EC}.Release|x64.Build.0 = Release|Any CPU
		{AAB6780C-0D1C-4007-9532-32EB5DE6F5EC}.Release|x86.ActiveCfg = Release|Any CPU
		{AAB6780C-0D1C-4007-9532-32EB5DE6F5EC}.Release|x86.Build.0 = Release|Any CPU
		{6D85329E-9E42-4E24-A29A-80CE9C905FB4}.Debug|Any CPU.ActiveCfg = Debug|Any CPU
		{6D85329E-9E42-4E24-A29A-80CE9C905FB4}.Debug|Any CPU.Build.0 = Debug|Any CPU
		{6D85329E-9E42-4E24-A29A-80CE9C905FB4}.Debug|x64.ActiveCfg = Debug|Any CPU
		{6D85329E-9E42-4E24-A29A-80CE9C905FB4}.Debug|x64.Build.0 = Debug|Any CPU
		{6D85329E-9E42-4E24-A29A-80CE9C905FB4}.Debug|x86.ActiveCfg = Debug|Any CPU
		{6D85329E-9E42-4E24-A29A-80CE9C905FB4}.Debug|x86.Build.0 = Debug|Any CPU
		{6D85329E-9E42-4E24-A29A-80CE9C905FB4}.Release|Any CPU.ActiveCfg = Release|Any CPU
		{6D85329E-9E42-4E24-A29A-80CE9C905FB4}.Release|Any CPU.Build.0 = Release|Any CPU
		{6D85329E-9E42-4E24-A29A-80CE9C905FB4}.Release|x64.ActiveCfg = Release|Any CPU
		{6D85329E-9E42-4E24-A29A-80CE9C905FB4}.Release|x64.Build.0 = Release|Any CPU
		{6D85329E-9E42-4E24-A29A-80CE9C905FB4}.Release|x86.ActiveCfg = Release|Any CPU
		{6D85329E-9E42-4E24-A29A-80CE9C905FB4}.Release|x86.Build.0 = Release|Any CPU
		{83EE7504-AF0A-476C-87FC-61FCCCF558B4}.Debug|Any CPU.ActiveCfg = Debug|Any CPU
		{83EE7504-AF0A-476C-87FC-61FCCCF558B4}.Debug|Any CPU.Build.0 = Debug|Any CPU
		{83EE7504-AF0A-476C-87FC-61FCCCF558B4}.Debug|x64.ActiveCfg = Debug|Any CPU
		{83EE7504-AF0A-476C-87FC-61FCCCF558B4}.Debug|x64.Build.0 = Debug|Any CPU
		{83EE7504-AF0A-476C-87FC-61FCCCF558B4}.Debug|x86.ActiveCfg = Debug|Any CPU
		{83EE7504-AF0A-476C-87FC-61FCCCF558B4}.Debug|x86.Build.0 = Debug|Any CPU
		{83EE7504-AF0A-476C-87FC-61FCCCF558B4}.Release|Any CPU.ActiveCfg = Release|Any CPU
		{83EE7504-AF0A-476C-87FC-61FCCCF558B4}.Release|Any CPU.Build.0 = Release|Any CPU
		{83EE7504-AF0A-476C-87FC-61FCCCF558B4}.Release|x64.ActiveCfg = Release|Any CPU
		{83EE7504-AF0A-476C-87FC-61FCCCF558B4}.Release|x64.Build.0 = Release|Any CPU
		{83EE7504-AF0A-476C-87FC-61FCCCF558B4}.Release|x86.ActiveCfg = Release|Any CPU
		{83EE7504-AF0A-476C-87FC-61FCCCF558B4}.Release|x86.Build.0 = Release|Any CPU
	EndGlobalSection
	GlobalSection(SolutionProperties) = preSolution
		HideSolutionNode = FALSE
	EndGlobalSection
	GlobalSection(NestedProjects) = preSolution
		{79582294-3BFD-4940-9C24-17C4048FA551} = {39AA676A-B01C-4AE0-8018-FDE74AFF7ACE}
		{69AEECD4-6899-4AA7-B1BA-07B780371023} = {39AA676A-B01C-4AE0-8018-FDE74AFF7ACE}
		{24FDC716-65D3-4FAE-86A0-38A18EFCD50D} = {39AA676A-B01C-4AE0-8018-FDE74AFF7ACE}
		{AAB6780C-0D1C-4007-9532-32EB5DE6F5EC} = {0AB3BF05-4346-4AA6-1389-037BE0695223}
		{6D85329E-9E42-4E24-A29A-80CE9C905FB4} = {39AA676A-B01C-4AE0-8018-FDE74AFF7ACE}
		{83EE7504-AF0A-476C-87FC-61FCCCF558B4} = {39AA676A-B01C-4AE0-8018-FDE74AFF7ACE}
	EndGlobalSection
EndGlobal
